{
  "name": "mhdle",
  "lockfileVersion": 2,
  "requires": true,
  "packages": {
    "": {
      "dependencies": {
        "riichi": "^1.2.0"
      }
    },
    "node_modules/agari": {
      "version": "1.1.0",
      "resolved": "https://registry.npmjs.org/agari/-/agari-1.1.0.tgz",
      "integrity": "sha512-v40di6lkeAP0dgIqnnqZZ+ZdzZ4zPt8f+/dOIB4uswGgouqoIkyx7+3c2N0LFmQ1mUT9xVl4fHJbBe6+MC9l0A=="
    },
    "node_modules/riichi": {
      "version": "1.2.0",
      "resolved": "https://registry.npmjs.org/riichi/-/riichi-1.2.0.tgz",
      "integrity": "sha512-sNL+RjL19Y1tJfsEqS1UETTcSMuCYLuKkv2XtQqqY7bj8TF3Qd847qeHFubsmFoEIwskTPCJEVdJVttqvmdImQ==",
      "dependencies": {
        "agari": "^1.1.0",
        "syanten": "^1.5.0"
      }
    },
    "node_modules/syanten": {
      "version": "1.5.0",
      "resolved": "https://registry.npmjs.org/syanten/-/syanten-1.5.0.tgz",
      "integrity": "sha512-CWGmFNq7igTERvraMsqjJjMzh6LQB/IyAbZ/WjtNmolVTF173gFcYi4DjgeNBf37SZsJDBacKeNtUJ8VtXqiAA=="
    }
  },
  "dependencies": {
    "agari": {
      "version": "1.1.0",
      "resolved": "https://registry.npmjs.org/agari/-/agari-1.1.0.tgz",
      "integrity": "sha512-v40di6lkeAP0dgIqnnqZZ+ZdzZ4zPt8f+/dOIB4uswGgouqoIkyx7+3c2N0LFmQ1mUT9xVl4fHJbBe6+MC9l0A=="
    },
    "riichi": {
      "version": "1.2.0",
      "resolved": "https://registry.npmjs.org/riichi/-/riichi-1.2.0.tgz",
      "integrity": "sha512-sNL+RjL19Y1tJfsEqS1UETTcSMuCYLuKkv2XtQqqY7bj8TF3Qd847qeHFubsmFoEIwskTPCJEVdJVttqvmdImQ==",
      "requires": {
        "agari": "^1.1.0",
        "syanten": "^1.5.0"
      }
    },
    "syanten": {
      "version": "1.5.0",
      "resolved": "https://registry.npmjs.org/syanten/-/syanten-1.5.0.tgz",
      "integrity": "sha512-CWGmFNq7igTERvraMsqjJjMzh6LQB/IyAbZ/WjtNmolVTF173gFcYi4DjgeNBf37SZsJDBacKeNtUJ8VtXqiAA=="
    }
  }
}
